
Microsoft Visual Studio Solution File, Format Version 12.00
# Visual Studio Version 16
VisualStudioVersion = 16.0.30621.155
MinimumVisualStudioVersion = 10.0.40219.1
Project("{FAE04EC0-301F-11D3-BF4B-00C04F79EFBC}") = "ATCLauncher", "ATCLauncher.csproj", "{F4973991-6632-4BC1-9A4C-CBF65EC26CCE}"
EndProject
Global
	GlobalSection(SolutionConfigurationPlatforms) = preSolution
		Debug|Any CPU = Debug|Any CPU
		Release|Any CPU = Release|Any CPU
	EndGlobalSection
	GlobalSection(ProjectConfigurationPlatforms) = postSolution
		{F4973991-6632-4BC1-9A4C-CBF65EC26CCE}.Debug|Any CPU.ActiveCfg = Debug|Any CPU
		{F4973991-6632-4BC1-9A4C-CBF65EC26CCE}.Debug|Any CPU.Build.0 = Debug|Any CPU
		{F4973991-6632-4BC1-9A4C-CBF65EC26CCE}.Release|Any CPU.ActiveCfg = Release|Any CPU
		{F4973991-6632-4BC1-9A4C-CBF65EC26CCE}.Release|Any CPU.Build.0 = Release|Any CPU
	EndGlobalSection
	GlobalSection(SolutionProperties) = preSolution
		HideSolutionNode = FALSE
	EndGlobalSection
	GlobalSection(ExtensibilityGlobals) = postSolution
		SolutionGuid = {D28E4D83-E2D3-4EDE-8913-B266AA24F6CB}
	EndGlobalSection
EndGlobal
